
Microsoft Visual Studio Solution File, Format Version 12.00
# Visual Studio Version 16
Project("{FAE04EC0-301F-11D3-BF4B-00C04F79EFBC}") = "Qube7.Common", "Qube7.Common\Qube7.Common.csproj", "{85FCA648-EDFF-45C3-949E-7F7648688447}"
EndProject
Project("{FAE04EC0-301F-11D3-BF4B-00C04F79EFBC}") = "Qube7.Common.Tests", "Qube7.Common.Tests\Qube7.Common.Tests.csproj", "{EE29C60D-EB7E-44F5-AA81-EFDFD214ED82}"
EndProject
Project("{FAE04EC0-301F-11D3-BF4B-00C04F79EFBC}") = "Qube7.Composite", "Qube7.Composite\Qube7.Composite.csproj", "{3ECE245D-C118-47A0-A0C5-B6589624EF3E}"
EndProject
Project("{FAE04EC0-301F-11D3-BF4B-00C04F79EFBC}") = "Qube7.Composite.Tests", "Qube7.Composite.Tests\Qube7.Composite.Tests.csproj", "{F18E4A07-6B5E-444D-8AFF-BE7BF92AB1EC}"
EndProject
Project("{FAE04EC0-301F-11D3-BF4B-00C04F79EFBC}") = "Qube7.Composite.Vsix", "Qube7.Composite.Vsix\Qube7.Composite.Vsix.csproj", "{B1055249-69A3-4A69-8342-EA9B749B5E21}"
EndProject
Global
	GlobalSection(SolutionConfigurationPlatforms) = preSolution
		Debug|Any CPU = Debug|Any CPU
		Release|Any CPU = Release|Any CPU
	EndGlobalSection
	GlobalSection(ProjectConfigurationPlatforms) = postSolution
		{85FCA648-EDFF-45C3-949E-7F7648688447}.Debug|Any CPU.ActiveCfg = Debug|Any CPU
		{85FCA648-EDFF-45C3-949E-7F7648688447}.Debug|Any CPU.Build.0 = Debug|Any CPU
		{85FCA648-EDFF-45C3-949E-7F7648688447}.Release|Any CPU.ActiveCfg = Release|Any CPU
		{85FCA648-EDFF-45C3-949E-7F7648688447}.Release|Any CPU.Build.0 = Release|Any CPU
		{EE29C60D-EB7E-44F5-AA81-EFDFD214ED82}.Debug|Any CPU.ActiveCfg = Debug|Any CPU
		{EE29C60D-EB7E-44F5-AA81-EFDFD214ED82}.Debug|Any CPU.Build.0 = Debug|Any CPU
		{EE29C60D-EB7E-44F5-AA81-EFDFD214ED82}.Release|Any CPU.ActiveCfg = Release|Any CPU
		{EE29C60D-EB7E-44F5-AA81-EFDFD214ED82}.Release|Any CPU.Build.0 = Release|Any CPU
		{3ECE245D-C118-47A0-A0C5-B6589624EF3E}.Debug|Any CPU.ActiveCfg = Debug|Any CPU
		{3ECE245D-C118-47A0-A0C5-B6589624EF3E}.Debug|Any CPU.Build.0 = Debug|Any CPU
		{3ECE245D-C118-47A0-A0C5-B6589624EF3E}.Release|Any CPU.ActiveCfg = Release|Any CPU
		{3ECE245D-C118-47A0-A0C5-B6589624EF3E}.Release|Any CPU.Build.0 = Release|Any CPU
		{F18E4A07-6B5E-444D-8AFF-BE7BF92AB1EC}.Debug|Any CPU.ActiveCfg = Debug|Any CPU
		{F18E4A07-6B5E-444D-8AFF-BE7BF92AB1EC}.Debug|Any CPU.Build.0 = Debug|Any CPU
		{F18E4A07-6B5E-444D-8AFF-BE7BF92AB1EC}.Release|Any CPU.ActiveCfg = Release|Any CPU
		{F18E4A07-6B5E-444D-8AFF-BE7BF92AB1EC}.Release|Any CPU.Build.0 = Release|Any CPU
		{B1055249-69A3-4A69-8342-EA9B749B5E21}.Debug|Any CPU.ActiveCfg = Debug|Any CPU
		{B1055249-69A3-4A69-8342-EA9B749B5E21}.Release|Any CPU.ActiveCfg = Release|Any CPU
	EndGlobalSection
	GlobalSection(SolutionProperties) = preSolution
		HideSolutionNode = FALSE
	EndGlobalSection
EndGlobal
